
Microsoft Visual Studio Solution File, Format Version 11.00
# Visual Studio 2010
Project("{F184B08F-C81C-45F6-A57F-5ABD9991F28F}") = "Program_Hutang", "Program_Hutang\Program_Hutang.vbproj", "{FB228C4A-F034-490E-AA9A-81859DA226BD}"
EndProject
Global
	GlobalSection(SolutionConfigurationPlatforms) = preSolution
		Debug|x86 = Debug|x86
		Release|x86 = Release|x86
	EndGlobalSection
	GlobalSection(ProjectConfigurationPlatforms) = postSolution
		{FB228C4A-F034-490E-AA9A-81859DA226BD}.Debug|x86.ActiveCfg = Debug|x86
		{FB228C4A-F034-490E-AA9A-81859DA226BD}.Debug|x86.Build.0 = Debug|x86
		{FB228C4A-F034-490E-AA9A-81859DA226BD}.Release|x86.ActiveCfg = Release|x86
		{FB228C4A-F034-490E-AA9A-81859DA226BD}.Release|x86.Build.0 = Release|x86
	EndGlobalSection
	GlobalSection(SolutionProperties) = preSolution
		HideSolutionNode = FALSE
	EndGlobalSection
EndGlobal
